schema: '2.0'
stages:
  data_ingestion:
    cmd: python -m src.components.data_ingestion
    deps:
    - path: src/components/data_ingestion.py
      hash: md5
      md5: b87951fd941e9aa2b865dac10eca53cb
      size: 2909
    outs:
    - path: artifacts/feature_store
      hash: md5
      md5: 990d9b241c69bdcc4970250b6375aa24.dir
      size: 25413490
      nfiles: 1
    - path: artifacts/test
      hash: md5
      md5: b7ee5e24b8b6e30f065ab6660a29131c.dir
      size: 158621
      nfiles: 1
    - path: artifacts/train
      hash: md5
      md5: 71ec3ab5a8b8656494c940d1fead1668.dir
      size: 313047
      nfiles: 1
  data_preprocessing:
    cmd: python -m src.components.data_preprocessing
    deps:
    - path: artifacts/test
      hash: md5
      md5: b7ee5e24b8b6e30f065ab6660a29131c.dir
      size: 158621
      nfiles: 1
    - path: artifacts/train
      hash: md5
      md5: 71ec3ab5a8b8656494c940d1fead1668.dir
      size: 313047
      nfiles: 1
    - path: src/components/data_preprocessing.py
      hash: md5
      md5: cc3e676bf93daab1c0e16ed8facebf1c
      size: 2563
    outs:
    - path: artifacts/data_corpus
      hash: md5
      md5: 3bbd1f8a94734d42a1a4c5b7c98e7810.dir
      size: 4755
      nfiles: 2
  feature_engineering:
    cmd: python -m src.components.data_feature_engineering
    deps:
    - path: artifacts/data_corpus
      hash: md5
      md5: 3bbd1f8a94734d42a1a4c5b7c98e7810.dir
      size: 4755
      nfiles: 2
    - path: src/components/data_feature_engineering.py
      hash: md5
      md5: ba6c3267fdd6ea4cf01c97c2bd4e39fd
      size: 4303
    outs:
    - path: artifacts/preprocessor/feature_config.json
      hash: md5
      md5: fd921b02e7d902155358abae3da222e6
      size: 45
    - path: artifacts/preprocessor/test.npz
      hash: md5
      md5: cdc8285f5c4c7676db3a6d48b964194d
      size: 5000
    - path: artifacts/preprocessor/train.npz
      hash: md5
      md5: 200bd945f35be597dffc9e59625e80d3
      size: 9704
