schema: '2.0'
stages:
  data_ingestion:
    cmd: python -m src.components.data_ingestion
    deps:
    - path: src/components/data_ingestion.py
      hash: md5
      md5: fbceeaf53714def72e8d3372669f3c69
      size: 2945
    outs:
    - path: artifacts/feature_store
      hash: md5
      md5: 990d9b241c69bdcc4970250b6375aa24.dir
      size: 25413490
      nfiles: 1
    - path: artifacts/test
      hash: md5
      md5: 529ccd35ceb5361e6852f2d7ab890902.dir
      size: 7600795
      nfiles: 1
    - path: artifacts/train
      hash: md5
      md5: c22892b2c0cfe94f7a8d9b45f9b8e241.dir
      size: 17837626
      nfiles: 1
  data_preprocessing:
    cmd: python -m src.components.data_preprocessing
    deps:
    - path: artifacts/test
      hash: md5
      md5: 529ccd35ceb5361e6852f2d7ab890902.dir
      size: 7600795
      nfiles: 1
    - path: artifacts/train
      hash: md5
      md5: c22892b2c0cfe94f7a8d9b45f9b8e241.dir
      size: 17837626
      nfiles: 1
    - path: src/components/data_preprocessing.py
      hash: md5
      md5: 8a1ced2bf4ef956dfebe0e9523741317
      size: 2455
    outs:
    - path: artifacts/data_corpus
      hash: md5
      md5: 959aa032a135bbcc6b2e4b5c46cefb6b.dir
      size: 252955
      nfiles: 2
  feature_engineering:
    cmd: python -m src.components.data_feature_engineering
    deps:
    - path: artifacts/data_corpus
      hash: md5
      md5: 959aa032a135bbcc6b2e4b5c46cefb6b.dir
      size: 252955
      nfiles: 2
    - path: src/components/data_feature_engineering.py
      hash: md5
      md5: 6d44a1206db0d58fd8c6b502b1d5e567
      size: 4900
    outs:
    - path: artifacts/preprocessor/feature_config.json
      hash: md5
      md5: 1603395d721df58fb845adf7a20f7905
      size: 44
    - path: artifacts/preprocessor/preprocessor.pkl
      hash: md5
      md5: 37e22bc7d0d9528692e1b0d597c4f29c
      size: 233813
    - path: artifacts/preprocessor/test.npz
      hash: md5
      md5: 1bbd27e5a42581711d542625bddaef4b
      size: 98336
    - path: artifacts/preprocessor/train.npz
      hash: md5
      md5: 17137e850c3721eb5d4d78e354a5f000
      size: 231320
